
Microsoft Visual Studio Solution File, Format Version 12.00
# Visual Studio Version 17
VisualStudioVersion = 17.7.34221.43
MinimumVisualStudioVersion = 10.0.40219.1
Project("{9A19103F-16F7-4668-BE54-9A1E7A4F7556}") = "TrilhaApiDesafio", "TrilhaApiDesafio.csproj", "{F2473DC8-5ADF-435A-B6C7-E096446E6A2B}"
EndProject
Global
	GlobalSection(SolutionConfigurationPlatforms) = preSolution
		Debug|Any CPU = Debug|Any CPU
		Release|Any CPU = Release|Any CPU
	EndGlobalSection
	GlobalSection(ProjectConfigurationPlatforms) = postSolution
		{F2473DC8-5ADF-435A-B6C7-E096446E6A2B}.Debug|Any CPU.ActiveCfg = Debug|Any CPU
		{F2473DC8-5ADF-435A-B6C7-E096446E6A2B}.Debug|Any CPU.Build.0 = Debug|Any CPU
		{F2473DC8-5ADF-435A-B6C7-E096446E6A2B}.Release|Any CPU.ActiveCfg = Release|Any CPU
		{F2473DC8-5ADF-435A-B6C7-E096446E6A2B}.Release|Any CPU.Build.0 = Release|Any CPU
	EndGlobalSection
	GlobalSection(SolutionProperties) = preSolution
		HideSolutionNode = FALSE
	EndGlobalSection
	GlobalSection(ExtensibilityGlobals) = postSolution
		SolutionGuid = {8E7CC585-078C-4ADD-AEB7-9F2940540612}
	EndGlobalSection
EndGlobal
